// !$*UTF8*$!
{
	archiveVersion = 1;
	classes = {
	};
	objectVersion = 50;
	objects = {

/* Begin PBXBuildFile section */
		3031492B2312A0A5000BD412 /* AppDelegate.swift in Sources */ = {isa = PBXBuildFile; fileRef = 3031492A2312A0A5000BD412 /* AppDelegate.swift */; };
		303149322312A0A7000BD412 /* Assets.xcassets in Resources */ = {isa = PBXBuildFile; fileRef = 303149312312A0A7000BD412 /* Assets.xcassets */; };
		303149352312A0A7000BD412 /* LaunchScreen.storyboard in Resources */ = {isa = PBXBuildFile; fileRef = 303149332312A0A7000BD412 /* LaunchScreen.storyboard */; };
		3031493E2312A23E000BD412 /* Container.swift in Sources */ = {isa = PBXBuildFile; fileRef = 3031493D2312A23E000BD412 /* Container.swift */; };
		303149422312A309000BD412 /* RootVM.swift in Sources */ = {isa = PBXBuildFile; fileRef = 303149412312A309000BD412 /* RootVM.swift */; };
		303149442312A30E000BD412 /* RootVC.swift in Sources */ = {isa = PBXBuildFile; fileRef = 303149432312A30E000BD412 /* RootVC.swift */; };
		303149482312ABC5000BD412 /* MicVM.swift in Sources */ = {isa = PBXBuildFile; fileRef = 303149472312ABC5000BD412 /* MicVM.swift */; };
		3031494A2312ABCC000BD412 /* MicView.swift in Sources */ = {isa = PBXBuildFile; fileRef = 303149492312ABCC000BD412 /* MicView.swift */; };
		3031494D2312BEFF000BD412 /* UIStackView.swift in Sources */ = {isa = PBXBuildFile; fileRef = 3031494C2312BEC3000BD412 /* UIStackView.swift */; };
		3031494F2312BFD1000BD412 /* UILabel.swift in Sources */ = {isa = PBXBuildFile; fileRef = 3031494E2312BFD1000BD412 /* UILabel.swift */; };
		303149512312BFF5000BD412 /* UIFont+CustomFonts.swift in Sources */ = {isa = PBXBuildFile; fileRef = 303149502312BFF5000BD412 /* UIFont+CustomFonts.swift */; };
		303149532312C01A000BD412 /* UIColor+Custom.swift in Sources */ = {isa = PBXBuildFile; fileRef = 303149522312C01A000BD412 /* UIColor+Custom.swift */; };
		303149562312C271000BD412 /* InputDeviceTableViewController.swift in Sources */ = {isa = PBXBuildFile; fileRef = 303149552312C26D000BD412 /* InputDeviceTableViewController.swift */; };
		303149582312C3ED000BD412 /* TitledLabel.swift in Sources */ = {isa = PBXBuildFile; fileRef = 303149572312C3ED000BD412 /* TitledLabel.swift */; };
		3031495A2312C564000BD412 /* NavigationBarStyle+Custom.swift in Sources */ = {isa = PBXBuildFile; fileRef = 303149592312C564000BD412 /* NavigationBarStyle+Custom.swift */; };
		3031495D231428BA000BD412 /* OutputVM.swift in Sources */ = {isa = PBXBuildFile; fileRef = 3031495C231428BA000BD412 /* OutputVM.swift */; };
		3031495F231428C1000BD412 /* OutputView.swift in Sources */ = {isa = PBXBuildFile; fileRef = 3031495E231428C1000BD412 /* OutputView.swift */; };
		3031496123142B24000BD412 /* UIView.swift in Sources */ = {isa = PBXBuildFile; fileRef = 3031496023142B24000BD412 /* UIView.swift */; };
		3031496323142C1E000BD412 /* UINavigationController.swift in Sources */ = {isa = PBXBuildFile; fileRef = 3031496223142C1E000BD412 /* UINavigationController.swift */; };
		303149662314318D000BD412 /* BaseNodeVM.swift in Sources */ = {isa = PBXBuildFile; fileRef = 303149652314318D000BD412 /* BaseNodeVM.swift */; };
		3031496823143194000BD412 /* BaseNodeView.swift in Sources */ = {isa = PBXBuildFile; fileRef = 3031496723143194000BD412 /* BaseNodeView.swift */; };
		3031496B231470D6000BD412 /* LowShelfEqualizerVM.swift in Sources */ = {isa = PBXBuildFile; fileRef = 3031496A231470D6000BD412 /* LowShelfEqualizerVM.swift */; };
		3031496D231470E4000BD412 /* LowShelfEqualizerView.swift in Sources */ = {isa = PBXBuildFile; fileRef = 3031496C231470E4000BD412 /* LowShelfEqualizerView.swift */; };
		30391AC92318194400EE2D7C /* EqualizerVM.swift in Sources */ = {isa = PBXBuildFile; fileRef = 30391AC82318194400EE2D7C /* EqualizerVM.swift */; };
		30391ACB2318195000EE2D7C /* EqualizerView.swift in Sources */ = {isa = PBXBuildFile; fileRef = 30391ACA2318195000EE2D7C /* EqualizerView.swift */; };
		30391ACD23181FC800EE2D7C /* EqualizerBand.swift in Sources */ = {isa = PBXBuildFile; fileRef = 30391ACC23181FC800EE2D7C /* EqualizerBand.swift */; };
		30391ACF2318268100EE2D7C /* EffectSlider.swift in Sources */ = {isa = PBXBuildFile; fileRef = 30391ACE2318268100EE2D7C /* EffectSlider.swift */; };
		85FD6BF61B9F9A0F7F948407 /* libPods-Effects.a in Frameworks */ = {isa = PBXBuildFile; fileRef = CC2AD7E0A286F3A03029793A /* libPods-Effects.a */; };
/* End PBXBuildFile section */

/* Begin PBXFileReference section */
		303149272312A0A5000BD412 /* Effects.app */ = {isa = PBXFileReference; explicitFileType = wrapper.application; includeInIndex = 0; path = Effects.app; sourceTree = BUILT_PRODUCTS_DIR; };
		3031492A2312A0A5000BD412 /* AppDelegate.swift */ = {isa = PBXFileReference; lastKnownFileType = sourcecode.swift; path = AppDelegate.swift; sourceTree = "<group>"; };
		303149312312A0A7000BD412 /* Assets.xcassets */ = {isa = PBXFileReference; lastKnownFileType = folder.assetcatalog; path = Assets.xcassets; sourceTree = "<group>"; };
		303149342312A0A7000BD412 /* Base */ = {isa = PBXFileReference; lastKnownFileType = file.storyboard; name = Base; path = Base.lproj/LaunchScreen.storyboard; sourceTree = "<group>"; };
		303149362312A0A7000BD412 /* Info.plist */ = {isa = PBXFileReference; lastKnownFileType = text.plist.xml; path = Info.plist; sourceTree = "<group>"; };
		3031493D2312A23E000BD412 /* Container.swift */ = {isa = PBXFileReference; lastKnownFileType = sourcecode.swift; path = Container.swift; sourceTree = "<group>"; };
		303149412312A309000BD412 /* RootVM.swift */ = {isa = PBXFileReference; lastKnownFileType = sourcecode.swift; path = RootVM.swift; sourceTree = "<group>"; };
		303149432312A30E000BD412 /* RootVC.swift */ = {isa = PBXFileReference; lastKnownFileType = sourcecode.swift; path = RootVC.swift; sourceTree = "<group>"; };
		303149452312A388000BD412 /* Bridging-Header.h */ = {isa = PBXFileReference; lastKnownFileType = sourcecode.c.h; path = "Bridging-Header.h"; sourceTree = "<group>"; };
		303149472312ABC5000BD412 /* MicVM.swift */ = {isa = PBXFileReference; lastKnownFileType = sourcecode.swift; path = MicVM.swift; sourceTree = "<group>"; };
		303149492312ABCC000BD412 /* MicView.swift */ = {isa = PBXFileReference; lastKnownFileType = sourcecode.swift; path = MicView.swift; sourceTree = "<group>"; };
		3031494C2312BEC3000BD412 /* UIStackView.swift */ = {isa = PBXFileReference; lastKnownFileType = sourcecode.swift; path = UIStackView.swift; sourceTree = "<group>"; };
		3031494E2312BFD1000BD412 /* UILabel.swift */ = {isa = PBXFileReference; lastKnownFileType = sourcecode.swift; path = UILabel.swift; sourceTree = "<group>"; };
		303149502312BFF5000BD412 /* UIFont+CustomFonts.swift */ = {isa = PBXFileReference; lastKnownFileType = sourcecode.swift; path = "UIFont+CustomFonts.swift"; sourceTree = "<group>"; };
		303149522312C01A000BD412 /* UIColor+Custom.swift */ = {isa = PBXFileReference; lastKnownFileType = sourcecode.swift; path = "UIColor+Custom.swift"; sourceTree = "<group>"; };
		303149552312C26D000BD412 /* InputDeviceTableViewController.swift */ = {isa = PBXFileReference; lastKnownFileType = sourcecode.swift; path = InputDeviceTableViewController.swift; sourceTree = "<group>"; };
		303149572312C3ED000BD412 /* TitledLabel.swift */ = {isa = PBXFileReference; lastKnownFileType = sourcecode.swift; path = TitledLabel.swift; sourceTree = "<group>"; };
		303149592312C564000BD412 /* NavigationBarStyle+Custom.swift */ = {isa = PBXFileReference; lastKnownFileType = sourcecode.swift; path = "NavigationBarStyle+Custom.swift"; sourceTree = "<group>"; };
		3031495C231428BA000BD412 /* OutputVM.swift */ = {isa = PBXFileReference; lastKnownFileType = sourcecode.swift; path = OutputVM.swift; sourceTree = "<group>"; };
		3031495E231428C1000BD412 /* OutputView.swift */ = {isa = PBXFileReference; lastKnownFileType = sourcecode.swift; path = OutputView.swift; sourceTree = "<group>"; };
		3031496023142B24000BD412 /* UIView.swift */ = {isa = PBXFileReference; lastKnownFileType = sourcecode.swift; path = UIView.swift; sourceTree = "<group>"; };
		3031496223142C1E000BD412 /* UINavigationController.swift */ = {isa = PBXFileReference; lastKnownFileType = sourcecode.swift; path = UINavigationController.swift; sourceTree = "<group>"; };
		303149652314318D000BD412 /* BaseNodeVM.swift */ = {isa = PBXFileReference; lastKnownFileType = sourcecode.swift; path = BaseNodeVM.swift; sourceTree = "<group>"; };
		3031496723143194000BD412 /* BaseNodeView.swift */ = {isa = PBXFileReference; lastKnownFileType = sourcecode.swift; path = BaseNodeView.swift; sourceTree = "<group>"; };
		3031496A231470D6000BD412 /* LowShelfEqualizerVM.swift */ = {isa = PBXFileReference; lastKnownFileType = sourcecode.swift; path = LowShelfEqualizerVM.swift; sourceTree = "<group>"; };
		3031496C231470E4000BD412 /* LowShelfEqualizerView.swift */ = {isa = PBXFileReference; lastKnownFileType = sourcecode.swift; path = LowShelfEqualizerView.swift; sourceTree = "<group>"; };
		30391AC82318194400EE2D7C /* EqualizerVM.swift */ = {isa = PBXFileReference; lastKnownFileType = sourcecode.swift; path = EqualizerVM.swift; sourceTree = "<group>"; };
		30391ACA2318195000EE2D7C /* EqualizerView.swift */ = {isa = PBXFileReference; lastKnownFileType = sourcecode.swift; path = EqualizerView.swift; sourceTree = "<group>"; };
		30391ACC23181FC800EE2D7C /* EqualizerBand.swift */ = {isa = PBXFileReference; lastKnownFileType = sourcecode.swift; path = EqualizerBand.swift; sourceTree = "<group>"; };
		30391ACE2318268100EE2D7C /* EffectSlider.swift */ = {isa = PBXFileReference; lastKnownFileType = sourcecode.swift; path = EffectSlider.swift; sourceTree = "<group>"; };
		4CCD00A6ADB7AA74C8AAAFBF /* Pods-Effects.debug.xcconfig */ = {isa = PBXFileReference; includeInIndex = 1; lastKnownFileType = text.xcconfig; name = "Pods-Effects.debug.xcconfig"; path = "Target Support Files/Pods-Effects/Pods-Effects.debug.xcconfig"; sourceTree = "<group>"; };
		CC2AD7E0A286F3A03029793A /* libPods-Effects.a */ = {isa = PBXFileReference; explicitFileType = archive.ar; includeInIndex = 0; path = "libPods-Effects.a"; sourceTree = BUILT_PRODUCTS_DIR; };
		DA49327F6B547B487CD11091 /* Pods-Effects.release.xcconfig */ = {isa = PBXFileReference; includeInIndex = 1; lastKnownFileType = text.xcconfig; name = "Pods-Effects.release.xcconfig"; path = "Target Support Files/Pods-Effects/Pods-Effects.release.xcconfig"; sourceTree = "<group>"; };
/* End PBXFileReference section */

/* Begin PBXFrameworksBuildPhase section */
		303149242312A0A5000BD412 /* Frameworks */ = {
			isa = PBXFrameworksBuildPhase;
			buildActionMask = 2147483647;
			files = (
				85FD6BF61B9F9A0F7F948407 /* libPods-Effects.a in Frameworks */,
			);
			runOnlyForDeploymentPostprocessing = 0;
		};
/* End PBXFrameworksBuildPhase section */

/* Begin PBXGroup section */
		3031491E2312A0A5000BD412 = {
			isa = PBXGroup;
			children = (
				303149292312A0A5000BD412 /* Effects */,
				303149282312A0A5000BD412 /* Products */,
				CDE7A7C09937337B51CF3637 /* Pods */,
				AF13036A6D5989CFB8FFFFB8 /* Frameworks */,
			);
			sourceTree = "<group>";
		};
		303149282312A0A5000BD412 /* Products */ = {
			isa = PBXGroup;
			children = (
				303149272312A0A5000BD412 /* Effects.app */,
			);
			name = Products;
			sourceTree = "<group>";
		};
		303149292312A0A5000BD412 /* Effects */ = {
			isa = PBXGroup;
			children = (
				3031493F2312A2FB000BD412 /* Screens */,
				3031493C2312A233000BD412 /* Services */,
				3031494B2312BEB7000BD412 /* Utils */,
				3031492A2312A0A5000BD412 /* AppDelegate.swift */,
				303149452312A388000BD412 /* Bridging-Header.h */,
				303149312312A0A7000BD412 /* Assets.xcassets */,
				303149332312A0A7000BD412 /* LaunchScreen.storyboard */,
				303149362312A0A7000BD412 /* Info.plist */,
			);
			path = Effects;
			sourceTree = "<group>";
		};
		3031493C2312A233000BD412 /* Services */ = {
			isa = PBXGroup;
			children = (
				3031493D2312A23E000BD412 /* Container.swift */,
			);
			path = Services;
			sourceTree = "<group>";
		};
		3031493F2312A2FB000BD412 /* Screens */ = {
			isa = PBXGroup;
			children = (
				30391AC72318192800EE2D7C /* Equalizer */,
				303149642314317B000BD412 /* BaseNode */,
				30314969231470B2000BD412 /* LowShelfFilter */,
				3031495B231428A4000BD412 /* Master */,
				303149542312C267000BD412 /* Input */,
				303149462312A79F000BD412 /* Microphone */,
				303149402312A302000BD412 /* Root */,
			);
			path = Screens;
			sourceTree = "<group>";
		};
		303149402312A302000BD412 /* Root */ = {
			isa = PBXGroup;
			children = (
				303149412312A309000BD412 /* RootVM.swift */,
				303149432312A30E000BD412 /* RootVC.swift */,
			);
			path = Root;
			sourceTree = "<group>";
		};
		303149462312A79F000BD412 /* Microphone */ = {
			isa = PBXGroup;
			children = (
				303149472312ABC5000BD412 /* MicVM.swift */,
				303149492312ABCC000BD412 /* MicView.swift */,
			);
			path = Microphone;
			sourceTree = "<group>";
		};
		3031494B2312BEB7000BD412 /* Utils */ = {
			isa = PBXGroup;
			children = (
				303149572312C3ED000BD412 /* TitledLabel.swift */,
				3031496023142B24000BD412 /* UIView.swift */,
				303149592312C564000BD412 /* NavigationBarStyle+Custom.swift */,
				303149502312BFF5000BD412 /* UIFont+CustomFonts.swift */,
				303149522312C01A000BD412 /* UIColor+Custom.swift */,
				3031494E2312BFD1000BD412 /* UILabel.swift */,
				3031494C2312BEC3000BD412 /* UIStackView.swift */,
				3031496223142C1E000BD412 /* UINavigationController.swift */,
				30391ACE2318268100EE2D7C /* EffectSlider.swift */,
			);
			path = Utils;
			sourceTree = "<group>";
		};
		303149542312C267000BD412 /* Input */ = {
			isa = PBXGroup;
			children = (
				303149552312C26D000BD412 /* InputDeviceTableViewController.swift */,
			);
			path = Input;
			sourceTree = "<group>";
		};
		3031495B231428A4000BD412 /* Master */ = {
			isa = PBXGroup;
			children = (
				3031495C231428BA000BD412 /* OutputVM.swift */,
				3031495E231428C1000BD412 /* OutputView.swift */,
			);
			path = Master;
			sourceTree = "<group>";
		};
		303149642314317B000BD412 /* BaseNode */ = {
			isa = PBXGroup;
			children = (
				303149652314318D000BD412 /* BaseNodeVM.swift */,
				3031496723143194000BD412 /* BaseNodeView.swift */,
			);
			path = BaseNode;
			sourceTree = "<group>";
		};
		30314969231470B2000BD412 /* LowShelfFilter */ = {
			isa = PBXGroup;
			children = (
				3031496A231470D6000BD412 /* LowShelfEqualizerVM.swift */,
				3031496C231470E4000BD412 /* LowShelfEqualizerView.swift */,
			);
			path = LowShelfFilter;
			sourceTree = "<group>";
		};
		30391AC72318192800EE2D7C /* Equalizer */ = {
			isa = PBXGroup;
			children = (
				30391AC82318194400EE2D7C /* EqualizerVM.swift */,
				30391ACA2318195000EE2D7C /* EqualizerView.swift */,
				30391ACC23181FC800EE2D7C /* EqualizerBand.swift */,
			);
			path = Equalizer;
			sourceTree = "<group>";
		};
		AF13036A6D5989CFB8FFFFB8 /* Frameworks */ = {
			isa = PBXGroup;
			children = (
				CC2AD7E0A286F3A03029793A /* libPods-Effects.a */,
			);
			name = Frameworks;
			sourceTree = "<group>";
		};
		CDE7A7C09937337B51CF3637 /* Pods */ = {
			isa = PBXGroup;
			children = (
				4CCD00A6ADB7AA74C8AAAFBF /* Pods-Effects.debug.xcconfig */,
				DA49327F6B547B487CD11091 /* Pods-Effects.release.xcconfig */,
			);
			path = Pods;
			sourceTree = "<group>";
		};
/* End PBXGroup section */

/* Begin PBXNativeTarget section */
		303149262312A0A5000BD412 /* Effects */ = {
			isa = PBXNativeTarget;
			buildConfigurationList = 303149392312A0A7000BD412 /* Build configuration list for PBXNativeTarget "Effects" */;
			buildPhases = (
				E588AB27BAB358D5FD43F9A3 /* [CP] Check Pods Manifest.lock */,
				303149232312A0A5000BD412 /* Sources */,
				303149242312A0A5000BD412 /* Frameworks */,
				303149252312A0A5000BD412 /* Resources */,
			);
			buildRules = (
			);
			dependencies = (
			);
			name = Effects;
			productName = Effects;
			productReference = 303149272312A0A5000BD412 /* Effects.app */;
			productType = "com.apple.product-type.application";
		};
/* End PBXNativeTarget section */

/* Begin PBXProject section */
		3031491F2312A0A5000BD412 /* Project object */ = {
			isa = PBXProject;
			attributes = {
				LastSwiftUpdateCheck = 1030;
				LastUpgradeCheck = 1030;
				ORGANIZATIONNAME = 2GIS;
				TargetAttributes = {
					303149262312A0A5000BD412 = {
						CreatedOnToolsVersion = 10.3;
					};
				};
			};
			buildConfigurationList = 303149222312A0A5000BD412 /* Build configuration list for PBXProject "Effects" */;
			compatibilityVersion = "Xcode 9.3";
			developmentRegion = en;
			hasScannedForEncodings = 0;
			knownRegions = (
				en,
				Base,
			);
			mainGroup = 3031491E2312A0A5000BD412;
			productRefGroup = 303149282312A0A5000BD412 /* Products */;
			projectDirPath = "";
			projectRoot = "";
			targets = (
				303149262312A0A5000BD412 /* Effects */,
			);
		};
/* End PBXProject section */

/* Begin PBXResourcesBuildPhase section */
		303149252312A0A5000BD412 /* Resources */ = {
			isa = PBXResourcesBuildPhase;
			buildActionMask = 2147483647;
			files = (
				303149352312A0A7000BD412 /* LaunchScreen.storyboard in Resources */,
				303149322312A0A7000BD412 /* Assets.xcassets in Resources */,
			);
			runOnlyForDeploymentPostprocessing = 0;
		};
/* End PBXResourcesBuildPhase section */

/* Begin PBXShellScriptBuildPhase section */
		E588AB27BAB358D5FD43F9A3 /* [CP] Check Pods Manifest.lock */ = {
			isa = PBXShellScriptBuildPhase;
			buildActionMask = 2147483647;
			files = (
			);
			inputFileListPaths = (
			);
			inputPaths = (
				"${PODS_PODFILE_DIR_PATH}/Podfile.lock",
				"${PODS_ROOT}/Manifest.lock",
			);
			name = "[CP] Check Pods Manifest.lock";
			outputFileListPaths = (
			);
			outputPaths = (
				"$(DERIVED_FILE_DIR)/Pods-Effects-checkManifestLockResult.txt",
			);
			runOnlyForDeploymentPostprocessing = 0;
			shellPath = /bin/sh;
			shellScript = "diff \"${PODS_PODFILE_DIR_PATH}/Podfile.lock\" \"${PODS_ROOT}/Manifest.lock\" > /dev/null\nif [ $? != 0 ] ; then\n    # print error to STDERR\n    echo \"error: The sandbox is not in sync with the Podfile.lock. Run 'pod install' or update your CocoaPods installation.\" >&2\n    exit 1\nfi\n# This output is used by Xcode 'outputs' to avoid re-running this script phase.\necho \"SUCCESS\" > \"${SCRIPT_OUTPUT_FILE_0}\"\n";
			showEnvVarsInLog = 0;
		};
/* End PBXShellScriptBuildPhase section */

/* Begin PBXSourcesBuildPhase section */
		303149232312A0A5000BD412 /* Sources */ = {
			isa = PBXSourcesBuildPhase;
			buildActionMask = 2147483647;
			files = (
				3031496823143194000BD412 /* BaseNodeView.swift in Sources */,
				30391AC92318194400EE2D7C /* EqualizerVM.swift in Sources */,
				3031496B231470D6000BD412 /* LowShelfEqualizerVM.swift in Sources */,
				30391ACB2318195000EE2D7C /* EqualizerView.swift in Sources */,
				3031496123142B24000BD412 /* UIView.swift in Sources */,
				30391ACD23181FC800EE2D7C /* EqualizerBand.swift in Sources */,
				3031494A2312ABCC000BD412 /* MicView.swift in Sources */,
				303149482312ABC5000BD412 /* MicVM.swift in Sources */,
				303149562312C271000BD412 /* InputDeviceTableViewController.swift in Sources */,
				3031495A2312C564000BD412 /* NavigationBarStyle+Custom.swift in Sources */,
				303149532312C01A000BD412 /* UIColor+Custom.swift in Sources */,
				3031495F231428C1000BD412 /* OutputView.swift in Sources */,
				30391ACF2318268100EE2D7C /* EffectSlider.swift in Sources */,
				303149662314318D000BD412 /* BaseNodeVM.swift in Sources */,
				3031496D231470E4000BD412 /* LowShelfEqualizerView.swift in Sources */,
				3031495D231428BA000BD412 /* OutputVM.swift in Sources */,
				3031494D2312BEFF000BD412 /* UIStackView.swift in Sources */,
				3031494F2312BFD1000BD412 /* UILabel.swift in Sources */,
				3031493E2312A23E000BD412 /* Container.swift in Sources */,
				303149512312BFF5000BD412 /* UIFont+CustomFonts.swift in Sources */,
				303149442312A30E000BD412 /* RootVC.swift in Sources */,
				303149422312A309000BD412 /* RootVM.swift in Sources */,
				303149582312C3ED000BD412 /* TitledLabel.swift in Sources */,
				3031496323142C1E000BD412 /* UINavigationController.swift in Sources */,
				3031492B2312A0A5000BD412 /* AppDelegate.swift in Sources */,
			);
			runOnlyForDeploymentPostprocessing = 0;
		};
/* End PBXSourcesBuildPhase section */

/* Begin PBXVariantGroup section */
		303149332312A0A7000BD412 /* LaunchScreen.storyboard */ = {
			isa = PBXVariantGroup;
			children = (
				303149342312A0A7000BD412 /* Base */,
			);
			name = LaunchScreen.storyboard;
			sourceTree = "<group>";
		};
/* End PBXVariantGroup section */

/* Begin XCBuildConfiguration section */
		303149372312A0A7000BD412 /* Debug */ = {
			isa = XCBuildConfiguration;
			buildSettings = {
				ALWAYS_SEARCH_USER_PATHS = NO;
				CLANG_ANALYZER_NONNULL = YES;
				CLANG_ANALYZER_NUMBER_OBJECT_CONVERSION = YES_AGGRESSIVE;
				CLANG_CXX_LANGUAGE_STANDARD = "gnu++14";
				CLANG_CXX_LIBRARY = "libc++";
				CLANG_ENABLE_MODULES = YES;
				CLANG_ENABLE_OBJC_ARC = YES;
				CLANG_ENABLE_OBJC_WEAK = YES;
				CLANG_WARN_BLOCK_CAPTURE_AUTORELEASING = YES;
				CLANG_WARN_BOOL_CONVERSION = YES;
				CLANG_WARN_COMMA = YES;
				CLANG_WARN_CONSTANT_CONVERSION = YES;
				CLANG_WARN_DEPRECATED_OBJC_IMPLEMENTATIONS = YES;
				CLANG_WARN_DIRECT_OBJC_ISA_USAGE = YES_ERROR;
				CLANG_WARN_DOCUMENTATION_COMMENTS = YES;
				CLANG_WARN_EMPTY_BODY = YES;
				CLANG_WARN_ENUM_CONVERSION = YES;
				CLANG_WARN_INFINITE_RECURSION = YES;
				CLANG_WARN_INT_CONVERSION = YES;
				CLANG_WARN_NON_LITERAL_NULL_CONVERSION = YES;
				CLANG_WARN_OBJC_IMPLICIT_RETAIN_SELF = YES;
				CLANG_WARN_OBJC_LITERAL_CONVERSION = YES;
				CLANG_WARN_OBJC_ROOT_CLASS = YES_ERROR;
				CLANG_WARN_RANGE_LOOP_ANALYSIS = YES;
				CLANG_WARN_STRICT_PROTOTYPES = YES;
				CLANG_WARN_SUSPICIOUS_MOVE = YES;
				CLANG_WARN_UNGUARDED_AVAILABILITY = YES_AGGRESSIVE;
				CLANG_WARN_UNREACHABLE_CODE = YES;
				CLANG_WARN__DUPLICATE_METHOD_MATCH = YES;
				CODE_SIGN_IDENTITY = "iPhone Developer";
				COPY_PHASE_STRIP = NO;
				DEBUG_INFORMATION_FORMAT = dwarf;
				ENABLE_STRICT_OBJC_MSGSEND = YES;
				ENABLE_TESTABILITY = YES;
				GCC_C_LANGUAGE_STANDARD = gnu11;
				GCC_DYNAMIC_NO_PIC = NO;
				GCC_NO_COMMON_BLOCKS = YES;
				GCC_OPTIMIZATION_LEVEL = 0;
				GCC_PREPROCESSOR_DEFINITIONS = (
					"DEBUG=1",
					"$(inherited)",
				);
				GCC_WARN_64_TO_32_BIT_CONVERSION = YES;
				GCC_WARN_ABOUT_RETURN_TYPE = YES_ERROR;
				GCC_WARN_UNDECLARED_SELECTOR = YES;
				GCC_WARN_UNINITIALIZED_AUTOS = YES_AGGRESSIVE;
				GCC_WARN_UNUSED_FUNCTION = YES;
				GCC_WARN_UNUSED_VARIABLE = YES;
				IPHONEOS_DEPLOYMENT_TARGET = 12.4;
				MTL_ENABLE_DEBUG_INFO = INCLUDE_SOURCE;
				MTL_FAST_MATH = YES;
				ONLY_ACTIVE_ARCH = YES;
				SDKROOT = iphoneos;
				SWIFT_ACTIVE_COMPILATION_CONDITIONS = DEBUG;
				SWIFT_OPTIMIZATION_LEVEL = "-Onone";
			};
			name = Debug;
		};
		303149382312A0A7000BD412 /* Release */ = {
			isa = XCBuildConfiguration;
			buildSettings = {
				ALWAYS_SEARCH_USER_PATHS = NO;
				CLANG_ANALYZER_NONNULL = YES;
				CLANG_ANALYZER_NUMBER_OBJECT_CONVERSION = YES_AGGRESSIVE;
				CLANG_CXX_LANGUAGE_STANDARD = "gnu++14";
				CLANG_CXX_LIBRARY = "libc++";
				CLANG_ENABLE_MODULES = YES;
				CLANG_ENABLE_OBJC_ARC = YES;
				CLANG_ENABLE_OBJC_WEAK = YES;
				CLANG_WARN_BLOCK_CAPTURE_AUTORELEASING = YES;
				CLANG_WARN_BOOL_CONVERSION = YES;
				CLANG_WARN_COMMA = YES;
				CLANG_WARN_CONSTANT_CONVERSION = YES;
				CLANG_WARN_DEPRECATED_OBJC_IMPLEMENTATIONS = YES;
				CLANG_WARN_DIRECT_OBJC_ISA_USAGE = YES_ERROR;
				CLANG_WARN_DOCUMENTATION_COMMENTS = YES;
				CLANG_WARN_EMPTY_BODY = YES;
				CLANG_WARN_ENUM_CONVERSION = YES;
				CLANG_WARN_INFINITE_RECURSION = YES;
				CLANG_WARN_INT_CONVERSION = YES;
				CLANG_WARN_NON_LITERAL_NULL_CONVERSION = YES;
				CLANG_WARN_OBJC_IMPLICIT_RETAIN_SELF = YES;
				CLANG_WARN_OBJC_LITERAL_CONVERSION = YES;
				CLANG_WARN_OBJC_ROOT_CLASS = YES_ERROR;
				CLANG_WARN_RANGE_LOOP_ANALYSIS = YES;
				CLANG_WARN_STRICT_PROTOTYPES = YES;
				CLANG_WARN_SUSPICIOUS_MOVE = YES;
				CLANG_WARN_UNGUARDED_AVAILABILITY = YES_AGGRESSIVE;
				CLANG_WARN_UNREACHABLE_CODE = YES;
				CLANG_WARN__DUPLICATE_METHOD_MATCH = YES;
				CODE_SIGN_IDENTITY = "iPhone Developer";
				COPY_PHASE_STRIP = NO;
				DEBUG_INFORMATION_FORMAT = "dwarf-with-dsym";
				ENABLE_NS_ASSERTIONS = NO;
				ENABLE_STRICT_OBJC_MSGSEND = YES;
				GCC_C_LANGUAGE_STANDARD = gnu11;
				GCC_NO_COMMON_BLOCKS = YES;
				GCC_WARN_64_TO_32_BIT_CONVERSION = YES;
				GCC_WARN_ABOUT_RETURN_TYPE = YES_ERROR;
				GCC_WARN_UNDECLARED_SELECTOR = YES;
				GCC_WARN_UNINITIALIZED_AUTOS = YES_AGGRESSIVE;
				GCC_WARN_UNUSED_FUNCTION = YES;
				GCC_WARN_UNUSED_VARIABLE = YES;
				IPHONEOS_DEPLOYMENT_TARGET = 12.4;
				MTL_ENABLE_DEBUG_INFO = NO;
				MTL_FAST_MATH = YES;
				SDKROOT = iphoneos;
				SWIFT_COMPILATION_MODE = wholemodule;
				SWIFT_OPTIMIZATION_LEVEL = "-O";
				VALIDATE_PRODUCT = YES;
			};
			name = Release;
		};
		3031493A2312A0A7000BD412 /* Debug */ = {
			isa = XCBuildConfiguration;
			baseConfigurationReference = 4CCD00A6ADB7AA74C8AAAFBF /* Pods-Effects.debug.xcconfig */;
			buildSettings = {
				ASSETCATALOG_COMPILER_APPICON_NAME = AppIcon;
				CODE_SIGN_STYLE = Automatic;
				DEVELOPMENT_TEAM = 8MPYLY9HF3;
				INFOPLIST_FILE = Effects/Info.plist;
				LD_RUNPATH_SEARCH_PATHS = (
					"$(inherited)",
					"@executable_path/Frameworks",
				);
				PRODUCT_BUNDLE_IDENTIFIER = STHS.Effects;
				PRODUCT_NAME = "$(TARGET_NAME)";
				SWIFT_OBJC_BRIDGING_HEADER = "Effects/Bridging-Header.h";
				SWIFT_VERSION = 5.0;
				TARGETED_DEVICE_FAMILY = "1,2";
			};
			name = Debug;
		};
		3031493B2312A0A7000BD412 /* Release */ = {
			isa = XCBuildConfiguration;
			baseConfigurationReference = DA49327F6B547B487CD11091 /* Pods-Effects.release.xcconfig */;
			buildSettings = {
				ASSETCATALOG_COMPILER_APPICON_NAME = AppIcon;
				CODE_SIGN_STYLE = Automatic;
				DEVELOPMENT_TEAM = 8MPYLY9HF3;
				INFOPLIST_FILE = Effects/Info.plist;
				LD_RUNPATH_SEARCH_PATHS = (
					"$(inherited)",
					"@executable_path/Frameworks",
				);
				PRODUCT_BUNDLE_IDENTIFIER = STHS.Effects;
				PRODUCT_NAME = "$(TARGET_NAME)";
				SWIFT_OBJC_BRIDGING_HEADER = "Effects/Bridging-Header.h";
				SWIFT_VERSION = 5.0;
				TARGETED_DEVICE_FAMILY = "1,2";
			};
			name = Release;
		};
/* End XCBuildConfiguration section */

/* Begin XCConfigurationList section */
		303149222312A0A5000BD412 /* Build configuration list for PBXProject "Effects" */ = {
			isa = XCConfigurationList;
			buildConfigurations = (
				303149372312A0A7000BD412 /* Debug */,
				303149382312A0A7000BD412 /* Release */,
			);
			defaultConfigurationIsVisible = 0;
			defaultConfigurationName = Release;
		};
		303149392312A0A7000BD412 /* Build configuration list for PBXNativeTarget "Effects" */ = {
			isa = XCConfigurationList;
			buildConfigurations = (
				3031493A2312A0A7000BD412 /* Debug */,
				3031493B2312A0A7000BD412 /* Release */,
			);
			defaultConfigurationIsVisible = 0;
			defaultConfigurationName = Release;
		};
/* End XCConfigurationList section */
	};
	rootObject = 3031491F2312A0A5000BD412 /* Project object */;
}
